
Microsoft Visual Studio Solution File, Format Version 12.00
# Visual Studio 15
VisualStudioVersion = 15.0.27004.2002
MinimumVisualStudioVersion = 10.0.40219.1
Project("{8BC9CEB8-8B4A-11D0-8D11-00A0C91BC942}") = "FQuaryList", "FQuaryList\FQuaryList.vcxproj", "{35E0D478-8F9D-47B8-A79A-28ED01C3D965}"
EndProject
Project("{FAE04EC0-301F-11D3-BF4B-00C04F79EFBC}") = "ConsoleTest", "ConsoleTest\ConsoleTest.csproj", "{4CD2D515-ED2D-4E1C-86E6-EE50808A18F7}"
EndProject
Project("{FAE04EC0-301F-11D3-BF4B-00C04F79EFBC}") = "Window", "Window\Window.csproj", "{3436948F-2858-4591-B609-929684D531A2}"
EndProject
Global
	GlobalSection(SolutionConfigurationPlatforms) = preSolution
		Debug|Any CPU = Debug|Any CPU
		Debug|x64 = Debug|x64
		Debug|x86 = Debug|x86
		Release|Any CPU = Release|Any CPU
		Release|x64 = Release|x64
		Release|x86 = Release|x86
	EndGlobalSection
	GlobalSection(ProjectConfigurationPlatforms) = postSolution
		{35E0D478-8F9D-47B8-A79A-28ED01C3D965}.Debug|Any CPU.ActiveCfg = Debug|Win32
		{35E0D478-8F9D-47B8-A79A-28ED01C3D965}.Debug|x64.ActiveCfg = Debug|x64
		{35E0D478-8F9D-47B8-A79A-28ED01C3D965}.Debug|x64.Build.0 = Debug|x64
		{35E0D478-8F9D-47B8-A79A-28ED01C3D965}.Debug|x86.ActiveCfg = Debug|Win32
		{35E0D478-8F9D-47B8-A79A-28ED01C3D965}.Debug|x86.Build.0 = Debug|Win32
		{35E0D478-8F9D-47B8-A79A-28ED01C3D965}.Release|Any CPU.ActiveCfg = Release|Win32
		{35E0D478-8F9D-47B8-A79A-28ED01C3D965}.Release|x64.ActiveCfg = Release|x64
		{35E0D478-8F9D-47B8-A79A-28ED01C3D965}.Release|x64.Build.0 = Release|x64
		{35E0D478-8F9D-47B8-A79A-28ED01C3D965}.Release|x86.ActiveCfg = Release|Win32
		{35E0D478-8F9D-47B8-A79A-28ED01C3D965}.Release|x86.Build.0 = Release|Win32
		{4CD2D515-ED2D-4E1C-86E6-EE50808A18F7}.Debug|Any CPU.ActiveCfg = Debug|Any CPU
		{4CD2D515-ED2D-4E1C-86E6-EE50808A18F7}.Debug|Any CPU.Build.0 = Debug|Any CPU
		{4CD2D515-ED2D-4E1C-86E6-EE50808A18F7}.Debug|x64.ActiveCfg = Debug|Any CPU
		{4CD2D515-ED2D-4E1C-86E6-EE50808A18F7}.Debug|x64.Build.0 = Debug|Any CPU
		{4CD2D515-ED2D-4E1C-86E6-EE50808A18F7}.Debug|x86.ActiveCfg = Debug|Any CPU
		{4CD2D515-ED2D-4E1C-86E6-EE50808A18F7}.Debug|x86.Build.0 = Debug|Any CPU
		{4CD2D515-ED2D-4E1C-86E6-EE50808A18F7}.Release|Any CPU.ActiveCfg = Release|Any CPU
		{4CD2D515-ED2D-4E1C-86E6-EE50808A18F7}.Release|Any CPU.Build.0 = Release|Any CPU
		{4CD2D515-ED2D-4E1C-86E6-EE50808A18F7}.Release|x64.ActiveCfg = Release|Any CPU
		{4CD2D515-ED2D-4E1C-86E6-EE50808A18F7}.Release|x64.Build.0 = Release|Any CPU
		{4CD2D515-ED2D-4E1C-86E6-EE50808A18F7}.Release|x86.ActiveCfg = Release|Any CPU
		{4CD2D515-ED2D-4E1C-86E6-EE50808A18F7}.Release|x86.Build.0 = Release|Any CPU
		{3436948F-2858-4591-B609-929684D531A2}.Debug|Any CPU.ActiveCfg = Debug|Any CPU
		{3436948F-2858-4591-B609-929684D531A2}.Debug|Any CPU.Build.0 = Debug|Any CPU
		{3436948F-2858-4591-B609-929684D531A2}.Debug|x64.ActiveCfg = Debug|Any CPU
		{3436948F-2858-4591-B609-929684D531A2}.Debug|x64.Build.0 = Debug|Any CPU
		{3436948F-2858-4591-B609-929684D531A2}.Debug|x86.ActiveCfg = Debug|Any CPU
		{3436948F-2858-4591-B609-929684D531A2}.Debug|x86.Build.0 = Debug|Any CPU
		{3436948F-2858-4591-B609-929684D531A2}.Release|Any CPU.ActiveCfg = Release|Any CPU
		{3436948F-2858-4591-B609-929684D531A2}.Release|Any CPU.Build.0 = Release|Any CPU
		{3436948F-2858-4591-B609-929684D531A2}.Release|x64.ActiveCfg = Release|Any CPU
		{3436948F-2858-4591-B609-929684D531A2}.Release|x64.Build.0 = Release|Any CPU
		{3436948F-2858-4591-B609-929684D531A2}.Release|x86.ActiveCfg = Release|Any CPU
		{3436948F-2858-4591-B609-929684D531A2}.Release|x86.Build.0 = Release|Any CPU
	EndGlobalSection
	GlobalSection(SolutionProperties) = preSolution
		HideSolutionNode = FALSE
	EndGlobalSection
	GlobalSection(ExtensibilityGlobals) = postSolution
		SolutionGuid = {7DEDDEA7-0688-4588-A244-FA017CFEA9E0}
	EndGlobalSection
EndGlobal
