
Microsoft Visual Studio Solution File, Format Version 12.00
# Visual Studio 15
VisualStudioVersion = 15.0.27004.2002
MinimumVisualStudioVersion = 10.0.40219.1
Project("{FAE04EC0-301F-11D3-BF4B-00C04F79EFBC}") = "TFIDF", "TFIDF\TFIDF.csproj", "{8691661F-738D-4FA7-9F9C-3CFAFF5F26E4}"
EndProject
Global
	GlobalSection(SolutionConfigurationPlatforms) = preSolution
		Debug|Any CPU = Debug|Any CPU
		Release|Any CPU = Release|Any CPU
	EndGlobalSection
	GlobalSection(ProjectConfigurationPlatforms) = postSolution
		{8691661F-738D-4FA7-9F9C-3CFAFF5F26E4}.Debug|Any CPU.ActiveCfg = Debug|Any CPU
		{8691661F-738D-4FA7-9F9C-3CFAFF5F26E4}.Debug|Any CPU.Build.0 = Debug|Any CPU
		{8691661F-738D-4FA7-9F9C-3CFAFF5F26E4}.Release|Any CPU.ActiveCfg = Release|Any CPU
		{8691661F-738D-4FA7-9F9C-3CFAFF5F26E4}.Release|Any CPU.Build.0 = Release|Any CPU
	EndGlobalSection
	GlobalSection(SolutionProperties) = preSolution
		HideSolutionNode = FALSE
	EndGlobalSection
	GlobalSection(ExtensibilityGlobals) = postSolution
		SolutionGuid = {7DEDDEA7-0688-4588-A244-FA017CFEA9E0}
	EndGlobalSection
EndGlobal
